
Microsoft Visual Studio Solution File, Format Version 12.00
# Visual Studio Version 16
VisualStudioVersion = 16.0.31729.503
MinimumVisualStudioVersion = 10.0.40219.1
Project("{FAE04EC0-301F-11D3-BF4B-00C04F79EFBC}") = "ReferanceType", "ReferanceType\ReferanceType.csproj", "{B5CB7665-6D39-48C9-A3FD-2FB8BB78F64E}"
EndProject
Global
	GlobalSection(SolutionConfigurationPlatforms) = preSolution
		Debug|Any CPU = Debug|Any CPU
		Release|Any CPU = Release|Any CPU
	EndGlobalSection
	GlobalSection(ProjectConfigurationPlatforms) = postSolution
		{B5CB7665-6D39-48C9-A3FD-2FB8BB78F64E}.Debug|Any CPU.ActiveCfg = Debug|Any CPU
		{B5CB7665-6D39-48C9-A3FD-2FB8BB78F64E}.Debug|Any CPU.Build.0 = Debug|Any CPU
		{B5CB7665-6D39-48C9-A3FD-2FB8BB78F64E}.Release|Any CPU.ActiveCfg = Release|Any CPU
		{B5CB7665-6D39-48C9-A3FD-2FB8BB78F64E}.Release|Any CPU.Build.0 = Release|Any CPU
	EndGlobalSection
	GlobalSection(SolutionProperties) = preSolution
		HideSolutionNode = FALSE
	EndGlobalSection
	GlobalSection(ExtensibilityGlobals) = postSolution
		SolutionGuid = {FF65E044-C253-4EB1-982C-3DD0A38B21A8}
	EndGlobalSection
EndGlobal
